// !$*UTF8*$!
{
	archiveVersion = 1;
	classes = {
	};
	objectVersion = 46;
	objects = {

/* Begin PBXBuildFile section */
		66B807C01DB4D3B900C5274F /* AppDelegate.swift in Sources */ = {isa = PBXBuildFile; fileRef = 66B807BF1DB4D3B900C5274F /* AppDelegate.swift */; };
		66B807C21DB4D3B900C5274F /* ViewController.swift in Sources */ = {isa = PBXBuildFile; fileRef = 66B807C11DB4D3B900C5274F /* ViewController.swift */; };
		66B807C51DB4D3B900C5274F /* Main.storyboard in Resources */ = {isa = PBXBuildFile; fileRef = 66B807C31DB4D3B900C5274F /* Main.storyboard */; };
		66B807C71DB4D3B900C5274F /* Assets.xcassets in Resources */ = {isa = PBXBuildFile; fileRef = 66B807C61DB4D3B900C5274F /* Assets.xcassets */; };
		66B807CA1DB4D3B900C5274F /* LaunchScreen.storyboard in Resources */ = {isa = PBXBuildFile; fileRef = 66B807C81DB4D3B900C5274F /* LaunchScreen.storyboard */; };
/* End PBXBuildFile section */

/* Begin PBXFileReference section */
		66B807BC1DB4D3B900C5274F /* RxSwiftBasicUsage+API.app */ = {isa = PBXFileReference; explicitFileType = wrapper.application; includeInIndex = 0; path = "RxSwiftBasicUsage+API.app"; sourceTree = BUILT_PRODUCTS_DIR; };
		66B807BF1DB4D3B900C5274F /* AppDelegate.swift */ = {isa = PBXFileReference; lastKnownFileType = sourcecode.swift; path = AppDelegate.swift; sourceTree = "<group>"; };
		66B807C11DB4D3B900C5274F /* ViewController.swift */ = {isa = PBXFileReference; lastKnownFileType = sourcecode.swift; path = ViewController.swift; sourceTree = "<group>"; };
		66B807C41DB4D3B900C5274F /* Base */ = {isa = PBXFileReference; lastKnownFileType = file.storyboard; name = Base; path = Base.lproj/Main.storyboard; sourceTree = "<group>"; };
		66B807C61DB4D3B900C5274F /* Assets.xcassets */ = {isa = PBXFileReference; lastKnownFileType = folder.assetcatalog; path = Assets.xcassets; sourceTree = "<group>"; };
		66B807C91DB4D3B900C5274F /* Base */ = {isa = PBXFileReference; lastKnownFileType = file.storyboard; name = Base; path = Base.lproj/LaunchScreen.storyboard; sourceTree = "<group>"; };
		66B807CB1DB4D3B900C5274F /* Info.plist */ = {isa = PBXFileReference; lastKnownFileType = text.plist.xml; path = Info.plist; sourceTree = "<group>"; };
/* End PBXFileReference section */

/* Begin PBXFrameworksBuildPhase section */
		66B807B91DB4D3B900C5274F /* Frameworks */ = {
			isa = PBXFrameworksBuildPhase;
			buildActionMask = 2147483647;
			files = (
			);
			runOnlyForDeploymentPostprocessing = 0;
		};
/* End PBXFrameworksBuildPhase section */

/* Begin PBXGroup section */
		66B807B31DB4D3B900C5274F = {
			isa = PBXGroup;
			children = (
				66B807BE1DB4D3B900C5274F /* RxSwiftBasicUsage+API */,
				66B807BD1DB4D3B900C5274F /* Products */,
			);
			sourceTree = "<group>";
		};
		66B807BD1DB4D3B900C5274F /* Products */ = {
			isa = PBXGroup;
			children = (
				66B807BC1DB4D3B900C5274F /* RxSwiftBasicUsage+API.app */,
			);
			name = Products;
			sourceTree = "<group>";
		};
		66B807BE1DB4D3B900C5274F /* RxSwiftBasicUsage+API */ = {
			isa = PBXGroup;
			children = (
				66B807BF1DB4D3B900C5274F /* AppDelegate.swift */,
				66B807C11DB4D3B900C5274F /* ViewController.swift */,
				66B807C31DB4D3B900C5274F /* Main.storyboard */,
				66B807C61DB4D3B900C5274F /* Assets.xcassets */,
				66B807C81DB4D3B900C5274F /* LaunchScreen.storyboard */,
				66B807CB1DB4D3B900C5274F /* Info.plist */,
			);
			path = "RxSwiftBasicUsage+API";
			sourceTree = "<group>";
		};
/* End PBXGroup section */

/* Begin PBXNativeTarget section */
		66B807BB1DB4D3B900C5274F /* RxSwiftBasicUsage+API */ = {
			isa = PBXNativeTarget;
			buildConfigurationList = 66B807CE1DB4D3B900C5274F /* Build configuration list for PBXNativeTarget "RxSwiftBasicUsage+API" */;
			buildPhases = (
				66B807B81DB4D3B900C5274F /* Sources */,
				66B807B91DB4D3B900C5274F /* Frameworks */,
				66B807BA1DB4D3B900C5274F /* Resources */,
			);
			buildRules = (
			);
			dependencies = (
			);
			name = "RxSwiftBasicUsage+API";
			productName = "RxSwiftBasicUsage+API";
			productReference = 66B807BC1DB4D3B900C5274F /* RxSwiftBasicUsage+API.app */;
			productType = "com.apple.product-type.application";
		};
/* End PBXNativeTarget section */

/* Begin PBXProject section */
		66B807B41DB4D3B900C5274F /* Project object */ = {
			isa = PBXProject;
			attributes = {
				LastSwiftUpdateCheck = 0800;
				LastUpgradeCheck = 0800;
				ORGANIZATIONNAME = "Adam Borek";
				TargetAttributes = {
					66B807BB1DB4D3B900C5274F = {
						CreatedOnToolsVersion = 8.0;
						ProvisioningStyle = Automatic;
					};
				};
			};
			buildConfigurationList = 66B807B71DB4D3B900C5274F /* Build configuration list for PBXProject "RxSwiftBasicUsage+API" */;
			compatibilityVersion = "Xcode 3.2";
			developmentRegion = English;
			hasScannedForEncodings = 0;
			knownRegions = (
				en,
				Base,
			);
			mainGroup = 66B807B31DB4D3B900C5274F;
			productRefGroup = 66B807BD1DB4D3B900C5274F /* Products */;
			projectDirPath = "";
			projectRoot = "";
			targets = (
				66B807BB1DB4D3B900C5274F /* RxSwiftBasicUsage+API */,
			);
		};
/* End PBXProject section */

/* Begin PBXResourcesBuildPhase section */
		66B807BA1DB4D3B900C5274F /* Resources */ = {
			isa = PBXResourcesBuildPhase;
			buildActionMask = 2147483647;
			files = (
				66B807CA1DB4D3B900C5274F /* LaunchScreen.storyboard in Resources */,
				66B807C71DB4D3B900C5274F /* Assets.xcassets in Resources */,
				66B807C51DB4D3B900C5274F /* Main.storyboard in Resources */,
			);
			runOnlyForDeploymentPostprocessing = 0;
		};
/* End PBXResourcesBuildPhase section */

/* Begin PBXSourcesBuildPhase section */
		66B807B81DB4D3B900C5274F /* Sources */ = {
			isa = PBXSourcesBuildPhase;
			buildActionMask = 2147483647;
			files = (
				66B807C21DB4D3B900C5274F /* ViewController.swift in Sources */,
				66B807C01DB4D3B900C5274F /* AppDelegate.swift in Sources */,
			);
			runOnlyForDeploymentPostprocessing = 0;
		};
/* End PBXSourcesBuildPhase section */

/* Begin PBXVariantGroup section */
		66B807C31DB4D3B900C5274F /* Main.storyboard */ = {
			isa = PBXVariantGroup;
			children = (
				66B807C41DB4D3B900C5274F /* Base */,
			);
			name = Main.storyboard;
			sourceTree = "<group>";
		};
		66B807C81DB4D3B900C5274F /* LaunchScreen.storyboard */ = {
			isa = PBXVariantGroup;
			children = (
				66B807C91DB4D3B900C5274F /* Base */,
			);
			name = LaunchScreen.storyboard;
			sourceTree = "<group>";
		};
/* End PBXVariantGroup section */

/* Begin XCBuildConfiguration section */
		66B807CC1DB4D3B900C5274F /* Debug */ = {
			isa = XCBuildConfiguration;
			buildSettings = {
				ALWAYS_SEARCH_USER_PATHS = NO;
				CLANG_ANALYZER_NONNULL = YES;
				CLANG_CXX_LANGUAGE_STANDARD = "gnu++0x";
				CLANG_CXX_LIBRARY = "libc++";
				CLANG_ENABLE_MODULES = YES;
				CLANG_ENABLE_OBJC_ARC = YES;
				CLANG_WARN_BOOL_CONVERSION = YES;
				CLANG_WARN_CONSTANT_CONVERSION = YES;
				CLANG_WARN_DIRECT_OBJC_ISA_USAGE = YES_ERROR;
				CLANG_WARN_DOCUMENTATION_COMMENTS = YES;
				CLANG_WARN_EMPTY_BODY = YES;
				CLANG_WARN_ENUM_CONVERSION = YES;
				CLANG_WARN_INFINITE_RECURSION = YES;
				CLANG_WARN_INT_CONVERSION = YES;
				CLANG_WARN_OBJC_ROOT_CLASS = YES_ERROR;
				CLANG_WARN_SUSPICIOUS_MOVES = YES;
				CLANG_WARN_UNREACHABLE_CODE = YES;
				CLANG_WARN__DUPLICATE_METHOD_MATCH = YES;
				"CODE_SIGN_IDENTITY[sdk=iphoneos*]" = "iPhone Developer";
				COPY_PHASE_STRIP = NO;
				DEBUG_INFORMATION_FORMAT = dwarf;
				ENABLE_STRICT_OBJC_MSGSEND = YES;
				ENABLE_TESTABILITY = YES;
				GCC_C_LANGUAGE_STANDARD = gnu99;
				GCC_DYNAMIC_NO_PIC = NO;
				GCC_NO_COMMON_BLOCKS = YES;
				GCC_OPTIMIZATION_LEVEL = 0;
				GCC_PREPROCESSOR_DEFINITIONS = (
					"DEBUG=1",
					"$(inherited)",
				);
				GCC_WARN_64_TO_32_BIT_CONVERSION = YES;
				GCC_WARN_ABOUT_RETURN_TYPE = YES_ERROR;
				GCC_WARN_UNDECLARED_SELECTOR = YES;
				GCC_WARN_UNINITIALIZED_AUTOS = YES_AGGRESSIVE;
				GCC_WARN_UNUSED_FUNCTION = YES;
				GCC_WARN_UNUSED_VARIABLE = YES;
				IPHONEOS_DEPLOYMENT_TARGET = 10.0;
				MTL_ENABLE_DEBUG_INFO = YES;
				ONLY_ACTIVE_ARCH = YES;
				SDKROOT = iphoneos;
				SWIFT_ACTIVE_COMPILATION_CONDITIONS = DEBUG;
				SWIFT_OPTIMIZATION_LEVEL = "-Onone";
			};
			name = Debug;
		};
		66B807CD1DB4D3B900C5274F /* Release */ = {
			isa = XCBuildConfiguration;
			buildSettings = {
				ALWAYS_SEARCH_USER_PATHS = NO;
				CLANG_ANALYZER_NONNULL = YES;
				CLANG_CXX_LANGUAGE_STANDARD = "gnu++0x";
				CLANG_CXX_LIBRARY = "libc++";
				CLANG_ENABLE_MODULES = YES;
				CLANG_ENABLE_OBJC_ARC = YES;
				CLANG_WARN_BOOL_CONVERSION = YES;
				CLANG_WARN_CONSTANT_CONVERSION = YES;
				CLANG_WARN_DIRECT_OBJC_ISA_USAGE = YES_ERROR;
				CLANG_WARN_DOCUMENTATION_COMMENTS = YES;
				CLANG_WARN_EMPTY_BODY = YES;
				CLANG_WARN_ENUM_CONVERSION = YES;
				CLANG_WARN_INFINITE_RECURSION = YES;
				CLANG_WARN_INT_CONVERSION = YES;
				CLANG_WARN_OBJC_ROOT_CLASS = YES_ERROR;
				CLANG_WARN_SUSPICIOUS_MOVES = YES;
				CLANG_WARN_UNREACHABLE_CODE = YES;
				CLANG_WARN__DUPLICATE_METHOD_MATCH = YES;
				"CODE_SIGN_IDENTITY[sdk=iphoneos*]" = "iPhone Developer";
				COPY_PHASE_STRIP = NO;
				DEBUG_INFORMATION_FORMAT = "dwarf-with-dsym";
				ENABLE_NS_ASSERTIONS = NO;
				ENABLE_STRICT_OBJC_MSGSEND = YES;
				GCC_C_LANGUAGE_STANDARD = gnu99;
				GCC_NO_COMMON_BLOCKS = YES;
				GCC_WARN_64_TO_32_BIT_CONVERSION = YES;
				GCC_WARN_ABOUT_RETURN_TYPE = YES_ERROR;
				GCC_WARN_UNDECLARED_SELECTOR = YES;
				GCC_WARN_UNINITIALIZED_AUTOS = YES_AGGRESSIVE;
				GCC_WARN_UNUSED_FUNCTION = YES;
				GCC_WARN_UNUSED_VARIABLE = YES;
				IPHONEOS_DEPLOYMENT_TARGET = 10.0;
				MTL_ENABLE_DEBUG_INFO = NO;
				SDKROOT = iphoneos;
				SWIFT_OPTIMIZATION_LEVEL = "-Owholemodule";
				VALIDATE_PRODUCT = YES;
			};
			name = Release;
		};
		66B807CF1DB4D3B900C5274F /* Debug */ = {
			isa = XCBuildConfiguration;
			buildSettings = {
				ASSETCATALOG_COMPILER_APPICON_NAME = AppIcon;
				INFOPLIST_FILE = "RxSwiftBasicUsage+API/Info.plist";
				LD_RUNPATH_SEARCH_PATHS = "$(inherited) @executable_path/Frameworks";
				PRODUCT_BUNDLE_IDENTIFIER = "com.adamborek.RxSwiftBasicUsage-API";
				PRODUCT_NAME = "$(TARGET_NAME)";
				SWIFT_VERSION = 3.0;
			};
			name = Debug;
		};
		66B807D01DB4D3B900C5274F /* Release */ = {
			isa = XCBuildConfiguration;
			buildSettings = {
				ASSETCATALOG_COMPILER_APPICON_NAME = AppIcon;
				INFOPLIST_FILE = "RxSwiftBasicUsage+API/Info.plist";
				LD_RUNPATH_SEARCH_PATHS = "$(inherited) @executable_path/Frameworks";
				PRODUCT_BUNDLE_IDENTIFIER = "com.adamborek.RxSwiftBasicUsage-API";
				PRODUCT_NAME = "$(TARGET_NAME)";
				SWIFT_VERSION = 3.0;
			};
			name = Release;
		};
/* End XCBuildConfiguration section */

/* Begin XCConfigurationList section */
		66B807B71DB4D3B900C5274F /* Build configuration list for PBXProject "RxSwiftBasicUsage+API" */ = {
			isa = XCConfigurationList;
			buildConfigurations = (
				66B807CC1DB4D3B900C5274F /* Debug */,
				66B807CD1DB4D3B900C5274F /* Release */,
			);
			defaultConfigurationIsVisible = 0;
			defaultConfigurationName = Release;
		};
		66B807CE1DB4D3B900C5274F /* Build configuration list for PBXNativeTarget "RxSwiftBasicUsage+API" */ = {
			isa = XCConfigurationList;
			buildConfigurations = (
				66B807CF1DB4D3B900C5274F /* Debug */,
				66B807D01DB4D3B900C5274F /* Release */,
			);
			defaultConfigurationIsVisible = 0;
		};
/* End XCConfigurationList section */
	};
	rootObject = 66B807B41DB4D3B900C5274F /* Project object */;
}
