PODS:
  - Alamofire (4.0.1)
  - RxCocoa (3.0.0-rc.1):
    - RxSwift (~> 3.0.0-rc.1)
  - RxOptional (3.1.1):
    - RxCocoa
    - RxSwift
  - RxSwift (3.0.0-rc.1)

DEPENDENCIES:
  - Alamofire
  - RxCocoa (= 3.0.0-rc.1)
  - RxOptional
  - RxSwift (= 3.0.0-rc.1)

SPEC CHECKSUMS:
  Alamofire: 7682d43245de14874acd142ec137b144aa1dd335
  RxCocoa: e72a074a7f38896ec0382d096df5f58df10115c7
  RxOptional: c285de2100cedf1557e6e6f36209ff602d8294dd
  RxSwift: d7a3819dd71789c473e3cbf1a0c02d58b2692739

PODFILE CHECKSUM: f3435cf7a553a41311e9aea92eca264355dd2c15

COCOAPODS: 1.0.1
